// !$*UTF8*$!
{
	archiveVersion = 1;
	classes = {
	};
	objectVersion = 56;
	objects = {

/* Begin PBXBuildFile section */
		181ED8842A76DEE700C6442E /* ProductModel.swift in Sources */ = {isa = PBXBuildFile; fileRef = 181ED8832A76DEE700C6442E /* ProductModel.swift */; };
		185808692A612D3D001C7FFB /* AppDelegate.swift in Sources */ = {isa = PBXBuildFile; fileRef = 185808682A612D3D001C7FFB /* AppDelegate.swift */; };
		1858086B2A612D3D001C7FFB /* SceneDelegate.swift in Sources */ = {isa = PBXBuildFile; fileRef = 1858086A2A612D3D001C7FFB /* SceneDelegate.swift */; };
		1858086D2A612D3D001C7FFB /* HomeViewController.swift in Sources */ = {isa = PBXBuildFile; fileRef = 1858086C2A612D3D001C7FFB /* HomeViewController.swift */; };
		185808702A612D3D001C7FFB /* Main.storyboard in Resources */ = {isa = PBXBuildFile; fileRef = 1858086E2A612D3D001C7FFB /* Main.storyboard */; };
		185808732A612D3D001C7FFB /* Vinitto.xcdatamodeld in Sources */ = {isa = PBXBuildFile; fileRef = 185808712A612D3D001C7FFB /* Vinitto.xcdatamodeld */; };
		185808752A612D3E001C7FFB /* Assets.xcassets in Resources */ = {isa = PBXBuildFile; fileRef = 185808742A612D3E001C7FFB /* Assets.xcassets */; };
		185808782A612D3E001C7FFB /* LaunchScreen.storyboard in Resources */ = {isa = PBXBuildFile; fileRef = 185808762A612D3E001C7FFB /* LaunchScreen.storyboard */; };
		185808832A61302B001C7FFB /* FavouriteViewController.swift in Sources */ = {isa = PBXBuildFile; fileRef = 185808822A61302B001C7FFB /* FavouriteViewController.swift */; };
		185808852A613039001C7FFB /* CartViewController.swift in Sources */ = {isa = PBXBuildFile; fileRef = 185808842A613039001C7FFB /* CartViewController.swift */; };
		185808872A61304E001C7FFB /* ProfileViewController.swift in Sources */ = {isa = PBXBuildFile; fileRef = 185808862A61304E001C7FFB /* ProfileViewController.swift */; };
		185808892A6130B3001C7FFB /* HomeViewController.storyboard in Resources */ = {isa = PBXBuildFile; fileRef = 185808882A6130B3001C7FFB /* HomeViewController.storyboard */; };
		1858088B2A6130BF001C7FFB /* FavouriteViewController.storyboard in Resources */ = {isa = PBXBuildFile; fileRef = 1858088A2A6130BF001C7FFB /* FavouriteViewController.storyboard */; };
		1858088D2A6130CB001C7FFB /* CartViewController.storyboard in Resources */ = {isa = PBXBuildFile; fileRef = 1858088C2A6130CB001C7FFB /* CartViewController.storyboard */; };
		1858088F2A6130EF001C7FFB /* ProfileStoryboard.storyboard in Resources */ = {isa = PBXBuildFile; fileRef = 1858088E2A6130EF001C7FFB /* ProfileStoryboard.storyboard */; };
		185808952A613218001C7FFB /* Constatnt.swift in Sources */ = {isa = PBXBuildFile; fileRef = 185808942A613218001C7FFB /* Constatnt.swift */; };
		1858089E2A6133C3001C7FFB /* FavouriteTableViewCell.swift in Sources */ = {isa = PBXBuildFile; fileRef = 1858089C2A6133C3001C7FFB /* FavouriteTableViewCell.swift */; };
		185808A22A6133D8001C7FFB /* CartTableViewCell.swift in Sources */ = {isa = PBXBuildFile; fileRef = 185808A02A6133D8001C7FFB /* CartTableViewCell.swift */; };
		185808B02A613654001C7FFB /* Global.swift in Sources */ = {isa = PBXBuildFile; fileRef = 185808AF2A613654001C7FFB /* Global.swift */; };
		185808B52A613892001C7FFB /* ProductTableViewCell.swift in Sources */ = {isa = PBXBuildFile; fileRef = 185808B32A613892001C7FFB /* ProductTableViewCell.swift */; };
		185808BB2A6138DB001C7FFB /* ProductViewController.swift in Sources */ = {isa = PBXBuildFile; fileRef = 185808BA2A6138DB001C7FFB /* ProductViewController.swift */; };
		186DAE2A2A7AAA0F00F2BEDD /* SignInViewController.swift in Sources */ = {isa = PBXBuildFile; fileRef = 186DAE292A7AAA0F00F2BEDD /* SignInViewController.swift */; };
		189CBF7B2A7996B7001ECDEF /* CategoryItems.swift in Sources */ = {isa = PBXBuildFile; fileRef = 189CBF7A2A7996B7001ECDEF /* CategoryItems.swift */; };
		18AFE7BD2A76C23A005DBF7E /* SliderCollectionViewCell.swift in Sources */ = {isa = PBXBuildFile; fileRef = 18AFE7BC2A76C23A005DBF7E /* SliderCollectionViewCell.swift */; };
		18BB76072A798442003AE60C /* CategoryTableViewCell.swift in Sources */ = {isa = PBXBuildFile; fileRef = 18BB76062A798442003AE60C /* CategoryTableViewCell.swift */; };
		18BB76092A7986AF003AE60C /* ProductSliderCollectionViewCell.swift in Sources */ = {isa = PBXBuildFile; fileRef = 18BB76082A7986AF003AE60C /* ProductSliderCollectionViewCell.swift */; };
		18C2C9D12A7AEAC5005E700C /* SignUpViewController.swift in Sources */ = {isa = PBXBuildFile; fileRef = 18C2C9D02A7AEAC5005E700C /* SignUpViewController.swift */; };
		18C2C9D62A7AFFE9005E700C /* PickerViewController.swift in Sources */ = {isa = PBXBuildFile; fileRef = 18C2C9D52A7AFFE9005E700C /* PickerViewController.swift */; };
		18C2C9D82A7B04C9005E700C /* OnBoardViewController.swift in Sources */ = {isa = PBXBuildFile; fileRef = 18C2C9D72A7B04C9005E700C /* OnBoardViewController.swift */; };
		18C2C9DA2A7B0C5B005E700C /* HomeTabBar.storyboard in Resources */ = {isa = PBXBuildFile; fileRef = 18C2C9D92A7B0C5B005E700C /* HomeTabBar.storyboard */; };
		18CD1ED52A71618000454095 /* ItemModel.swift in Sources */ = {isa = PBXBuildFile; fileRef = 18CD1ED42A71618000454095 /* ItemModel.swift */; };
/* End PBXBuildFile section */

/* Begin PBXFileReference section */
		181ED8832A76DEE700C6442E /* ProductModel.swift */ = {isa = PBXFileReference; lastKnownFileType = sourcecode.swift; path = ProductModel.swift; sourceTree = "<group>"; };
		185808652A612D3D001C7FFB /* Vinitto.app */ = {isa = PBXFileReference; explicitFileType = wrapper.application; includeInIndex = 0; path = Vinitto.app; sourceTree = BUILT_PRODUCTS_DIR; };
		185808682A612D3D001C7FFB /* AppDelegate.swift */ = {isa = PBXFileReference; lastKnownFileType = sourcecode.swift; path = AppDelegate.swift; sourceTree = "<group>"; };
		1858086A2A612D3D001C7FFB /* SceneDelegate.swift */ = {isa = PBXFileReference; lastKnownFileType = sourcecode.swift; path = SceneDelegate.swift; sourceTree = "<group>"; };
		1858086C2A612D3D001C7FFB /* HomeViewController.swift */ = {isa = PBXFileReference; lastKnownFileType = sourcecode.swift; path = HomeViewController.swift; sourceTree = "<group>"; };
		1858086F2A612D3D001C7FFB /* Base */ = {isa = PBXFileReference; lastKnownFileType = file.storyboard; name = Base; path = Base.lproj/Main.storyboard; sourceTree = "<group>"; };
		185808722A612D3D001C7FFB /* Vinitto.xcdatamodel */ = {isa = PBXFileReference; lastKnownFileType = wrapper.xcdatamodel; path = Vinitto.xcdatamodel; sourceTree = "<group>"; };
		185808742A612D3E001C7FFB /* Assets.xcassets */ = {isa = PBXFileReference; lastKnownFileType = folder.assetcatalog; path = Assets.xcassets; sourceTree = "<group>"; };
		185808772A612D3E001C7FFB /* Base */ = {isa = PBXFileReference; lastKnownFileType = file.storyboard; name = Base; path = Base.lproj/LaunchScreen.storyboard; sourceTree = "<group>"; };
		185808792A612D3E001C7FFB /* Info.plist */ = {isa = PBXFileReference; lastKnownFileType = text.plist.xml; path = Info.plist; sourceTree = "<group>"; };
		185808822A61302B001C7FFB /* FavouriteViewController.swift */ = {isa = PBXFileReference; lastKnownFileType = sourcecode.swift; path = FavouriteViewController.swift; sourceTree = "<group>"; };
		185808842A613039001C7FFB /* CartViewController.swift */ = {isa = PBXFileReference; lastKnownFileType = sourcecode.swift; path = CartViewController.swift; sourceTree = "<group>"; };
		185808862A61304E001C7FFB /* ProfileViewController.swift */ = {isa = PBXFileReference; lastKnownFileType = sourcecode.swift; path = ProfileViewController.swift; sourceTree = "<group>"; };
		185808882A6130B3001C7FFB /* HomeViewController.storyboard */ = {isa = PBXFileReference; lastKnownFileType = file.storyboard; path = HomeViewController.storyboard; sourceTree = "<group>"; };
		1858088A2A6130BF001C7FFB /* FavouriteViewController.storyboard */ = {isa = PBXFileReference; lastKnownFileType = file.storyboard; path = FavouriteViewController.storyboard; sourceTree = "<group>"; };
		1858088C2A6130CB001C7FFB /* CartViewController.storyboard */ = {isa = PBXFileReference; lastKnownFileType = file.storyboard; path = CartViewController.storyboard; sourceTree = "<group>"; };
		1858088E2A6130EF001C7FFB /* ProfileStoryboard.storyboard */ = {isa = PBXFileReference; lastKnownFileType = file.storyboard; path = ProfileStoryboard.storyboard; sourceTree = "<group>"; };
		185808942A613218001C7FFB /* Constatnt.swift */ = {isa = PBXFileReference; lastKnownFileType = sourcecode.swift; path = Constatnt.swift; sourceTree = "<group>"; };
		1858089C2A6133C3001C7FFB /* FavouriteTableViewCell.swift */ = {isa = PBXFileReference; lastKnownFileType = sourcecode.swift; path = FavouriteTableViewCell.swift; sourceTree = "<group>"; };
		185808A02A6133D8001C7FFB /* CartTableViewCell.swift */ = {isa = PBXFileReference; lastKnownFileType = sourcecode.swift; path = CartTableViewCell.swift; sourceTree = "<group>"; };
		185808AF2A613654001C7FFB /* Global.swift */ = {isa = PBXFileReference; lastKnownFileType = sourcecode.swift; path = Global.swift; sourceTree = "<group>"; };
		185808B32A613892001C7FFB /* ProductTableViewCell.swift */ = {isa = PBXFileReference; lastKnownFileType = sourcecode.swift; path = ProductTableViewCell.swift; sourceTree = "<group>"; };
		185808BA2A6138DB001C7FFB /* ProductViewController.swift */ = {isa = PBXFileReference; lastKnownFileType = sourcecode.swift; path = ProductViewController.swift; sourceTree = "<group>"; };
		186DAE292A7AAA0F00F2BEDD /* SignInViewController.swift */ = {isa = PBXFileReference; lastKnownFileType = sourcecode.swift; path = SignInViewController.swift; sourceTree = "<group>"; };
		189CBF7A2A7996B7001ECDEF /* CategoryItems.swift */ = {isa = PBXFileReference; lastKnownFileType = sourcecode.swift; path = CategoryItems.swift; sourceTree = "<group>"; };
		18AFE7BC2A76C23A005DBF7E /* SliderCollectionViewCell.swift */ = {isa = PBXFileReference; lastKnownFileType = sourcecode.swift; path = SliderCollectionViewCell.swift; sourceTree = "<group>"; };
		18BB76062A798442003AE60C /* CategoryTableViewCell.swift */ = {isa = PBXFileReference; lastKnownFileType = sourcecode.swift; path = CategoryTableViewCell.swift; sourceTree = "<group>"; };
		18BB76082A7986AF003AE60C /* ProductSliderCollectionViewCell.swift */ = {isa = PBXFileReference; lastKnownFileType = sourcecode.swift; path = ProductSliderCollectionViewCell.swift; sourceTree = "<group>"; };
		18C2C9D02A7AEAC5005E700C /* SignUpViewController.swift */ = {isa = PBXFileReference; lastKnownFileType = sourcecode.swift; path = SignUpViewController.swift; sourceTree = "<group>"; };
		18C2C9D52A7AFFE9005E700C /* PickerViewController.swift */ = {isa = PBXFileReference; lastKnownFileType = sourcecode.swift; path = PickerViewController.swift; sourceTree = "<group>"; };
		18C2C9D72A7B04C9005E700C /* OnBoardViewController.swift */ = {isa = PBXFileReference; lastKnownFileType = sourcecode.swift; path = OnBoardViewController.swift; sourceTree = "<group>"; };
		18C2C9D92A7B0C5B005E700C /* HomeTabBar.storyboard */ = {isa = PBXFileReference; lastKnownFileType = file.storyboard; path = HomeTabBar.storyboard; sourceTree = "<group>"; };
		18CD1ED42A71618000454095 /* ItemModel.swift */ = {isa = PBXFileReference; lastKnownFileType = sourcecode.swift; path = ItemModel.swift; sourceTree = "<group>"; };
/* End PBXFileReference section */

/* Begin PBXFrameworksBuildPhase section */
		185808622A612D3D001C7FFB /* Frameworks */ = {
			isa = PBXFrameworksBuildPhase;
			buildActionMask = 2147483647;
			files = (
			);
			runOnlyForDeploymentPostprocessing = 0;
		};
/* End PBXFrameworksBuildPhase section */

/* Begin PBXGroup section */
		1814EFD52A71627400D8CF13 /* Resources */ = {
			isa = PBXGroup;
			children = (
				185808942A613218001C7FFB /* Constatnt.swift */,
				185808AF2A613654001C7FFB /* Global.swift */,
			);
			path = Resources;
			sourceTree = "<group>";
		};
		1858085C2A612D3D001C7FFB = {
			isa = PBXGroup;
			children = (
				185808672A612D3D001C7FFB /* Vinitto */,
				185808662A612D3D001C7FFB /* Products */,
			);
			sourceTree = "<group>";
		};
		185808662A612D3D001C7FFB /* Products */ = {
			isa = PBXGroup;
			children = (
				185808652A612D3D001C7FFB /* Vinitto.app */,
			);
			name = Products;
			sourceTree = "<group>";
		};
		185808672A612D3D001C7FFB /* Vinitto */ = {
			isa = PBXGroup;
			children = (
				185808682A612D3D001C7FFB /* AppDelegate.swift */,
				1858086A2A612D3D001C7FFB /* SceneDelegate.swift */,
				1814EFD52A71627400D8CF13 /* Resources */,
				185808812A612E67001C7FFB /* Model */,
				185808802A612E59001C7FFB /* Controllers */,
				1858087F2A612E4F001C7FFB /* View */,
				185808742A612D3E001C7FFB /* Assets.xcassets */,
				185808792A612D3E001C7FFB /* Info.plist */,
				185808712A612D3D001C7FFB /* Vinitto.xcdatamodeld */,
			);
			path = Vinitto;
			sourceTree = "<group>";
		};
		1858087F2A612E4F001C7FFB /* View */ = {
			isa = PBXGroup;
			children = (
				1858086E2A612D3D001C7FFB /* Main.storyboard */,
				18C2C9D92A7B0C5B005E700C /* HomeTabBar.storyboard */,
				1858088E2A6130EF001C7FFB /* ProfileStoryboard.storyboard */,
				185808882A6130B3001C7FFB /* HomeViewController.storyboard */,
				1858088A2A6130BF001C7FFB /* FavouriteViewController.storyboard */,
				1858088C2A6130CB001C7FFB /* CartViewController.storyboard */,
				185808762A612D3E001C7FFB /* LaunchScreen.storyboard */,
			);
			path = View;
			sourceTree = "<group>";
		};
		185808802A612E59001C7FFB /* Controllers */ = {
			isa = PBXGroup;
			children = (
				18C2C9D42A7AFF14005E700C /* OnBoardingViewController */,
				18C2C9CF2A7AEAA0005E700C /* SignUpViewController */,
				186DAE282A7AA9F000F2BEDD /* SignInViewController */,
				185808B22A613870001C7FFB /* ProductViewController */,
				185808902A613100001C7FFB /* HomeViewController */,
				185808912A613114001C7FFB /* FavouriteViewController */,
				185808922A613127001C7FFB /* CartViewController */,
				185808932A613136001C7FFB /* ProfileViewController */,
			);
			path = Controllers;
			sourceTree = "<group>";
		};
		185808812A612E67001C7FFB /* Model */ = {
			isa = PBXGroup;
			children = (
				181ED8832A76DEE700C6442E /* ProductModel.swift */,
				18CD1ED42A71618000454095 /* ItemModel.swift */,
				189CBF7A2A7996B7001ECDEF /* CategoryItems.swift */,
			);
			path = Model;
			sourceTree = "<group>";
		};
		185808902A613100001C7FFB /* HomeViewController */ = {
			isa = PBXGroup;
			children = (
				1858086C2A612D3D001C7FFB /* HomeViewController.swift */,
				18AFE7BC2A76C23A005DBF7E /* SliderCollectionViewCell.swift */,
				18BB76062A798442003AE60C /* CategoryTableViewCell.swift */,
				18BB76082A7986AF003AE60C /* ProductSliderCollectionViewCell.swift */,
			);
			path = HomeViewController;
			sourceTree = "<group>";
		};
		185808912A613114001C7FFB /* FavouriteViewController */ = {
			isa = PBXGroup;
			children = (
				185808822A61302B001C7FFB /* FavouriteViewController.swift */,
				1858089C2A6133C3001C7FFB /* FavouriteTableViewCell.swift */,
			);
			path = FavouriteViewController;
			sourceTree = "<group>";
		};
		185808922A613127001C7FFB /* CartViewController */ = {
			isa = PBXGroup;
			children = (
				185808842A613039001C7FFB /* CartViewController.swift */,
				185808A02A6133D8001C7FFB /* CartTableViewCell.swift */,
			);
			path = CartViewController;
			sourceTree = "<group>";
		};
		185808932A613136001C7FFB /* ProfileViewController */ = {
			isa = PBXGroup;
			children = (
				185808862A61304E001C7FFB /* ProfileViewController.swift */,
			);
			path = ProfileViewController;
			sourceTree = "<group>";
		};
		185808B22A613870001C7FFB /* ProductViewController */ = {
			isa = PBXGroup;
			children = (
				185808BA2A6138DB001C7FFB /* ProductViewController.swift */,
				185808B32A613892001C7FFB /* ProductTableViewCell.swift */,
			);
			path = ProductViewController;
			sourceTree = "<group>";
		};
		186DAE282A7AA9F000F2BEDD /* SignInViewController */ = {
			isa = PBXGroup;
			children = (
				186DAE292A7AAA0F00F2BEDD /* SignInViewController.swift */,
			);
			path = SignInViewController;
			sourceTree = "<group>";
		};
		18C2C9CF2A7AEAA0005E700C /* SignUpViewController */ = {
			isa = PBXGroup;
			children = (
				18C2C9D02A7AEAC5005E700C /* SignUpViewController.swift */,
			);
			path = SignUpViewController;
			sourceTree = "<group>";
		};
		18C2C9D42A7AFF14005E700C /* OnBoardingViewController */ = {
			isa = PBXGroup;
			children = (
				18C2C9D52A7AFFE9005E700C /* PickerViewController.swift */,
				18C2C9D72A7B04C9005E700C /* OnBoardViewController.swift */,
			);
			path = OnBoardingViewController;
			sourceTree = "<group>";
		};
/* End PBXGroup section */

/* Begin PBXNativeTarget section */
		185808642A612D3D001C7FFB /* Vinitto */ = {
			isa = PBXNativeTarget;
			buildConfigurationList = 1858087C2A612D3E001C7FFB /* Build configuration list for PBXNativeTarget "Vinitto" */;
			buildPhases = (
				185808612A612D3D001C7FFB /* Sources */,
				185808622A612D3D001C7FFB /* Frameworks */,
				185808632A612D3D001C7FFB /* Resources */,
			);
			buildRules = (
			);
			dependencies = (
			);
			name = Vinitto;
			productName = Vinitto;
			productReference = 185808652A612D3D001C7FFB /* Vinitto.app */;
			productType = "com.apple.product-type.application";
		};
/* End PBXNativeTarget section */

/* Begin PBXProject section */
		1858085D2A612D3D001C7FFB /* Project object */ = {
			isa = PBXProject;
			attributes = {
				BuildIndependentTargetsInParallel = 1;
				LastSwiftUpdateCheck = 1430;
				LastUpgradeCheck = 1430;
				TargetAttributes = {
					185808642A612D3D001C7FFB = {
						CreatedOnToolsVersion = 14.3.1;
					};
				};
			};
			buildConfigurationList = 185808602A612D3D001C7FFB /* Build configuration list for PBXProject "Vinitto" */;
			compatibilityVersion = "Xcode 14.0";
			developmentRegion = en;
			hasScannedForEncodings = 0;
			knownRegions = (
				en,
				Base,
			);
			mainGroup = 1858085C2A612D3D001C7FFB;
			productRefGroup = 185808662A612D3D001C7FFB /* Products */;
			projectDirPath = "";
			projectRoot = "";
			targets = (
				185808642A612D3D001C7FFB /* Vinitto */,
			);
		};
/* End PBXProject section */

/* Begin PBXResourcesBuildPhase section */
		185808632A612D3D001C7FFB /* Resources */ = {
			isa = PBXResourcesBuildPhase;
			buildActionMask = 2147483647;
			files = (
				185808782A612D3E001C7FFB /* LaunchScreen.storyboard in Resources */,
				185808752A612D3E001C7FFB /* Assets.xcassets in Resources */,
				1858088F2A6130EF001C7FFB /* ProfileStoryboard.storyboard in Resources */,
				1858088B2A6130BF001C7FFB /* FavouriteViewController.storyboard in Resources */,
				18C2C9DA2A7B0C5B005E700C /* HomeTabBar.storyboard in Resources */,
				1858088D2A6130CB001C7FFB /* CartViewController.storyboard in Resources */,
				185808892A6130B3001C7FFB /* HomeViewController.storyboard in Resources */,
				185808702A612D3D001C7FFB /* Main.storyboard in Resources */,
			);
			runOnlyForDeploymentPostprocessing = 0;
		};
/* End PBXResourcesBuildPhase section */

/* Begin PBXSourcesBuildPhase section */
		185808612A612D3D001C7FFB /* Sources */ = {
			isa = PBXSourcesBuildPhase;
			buildActionMask = 2147483647;
			files = (
				185808952A613218001C7FFB /* Constatnt.swift in Sources */,
				1858086D2A612D3D001C7FFB /* HomeViewController.swift in Sources */,
				181ED8842A76DEE700C6442E /* ProductModel.swift in Sources */,
				185808732A612D3D001C7FFB /* Vinitto.xcdatamodeld in Sources */,
				185808BB2A6138DB001C7FFB /* ProductViewController.swift in Sources */,
				185808692A612D3D001C7FFB /* AppDelegate.swift in Sources */,
				1858089E2A6133C3001C7FFB /* FavouriteTableViewCell.swift in Sources */,
				18C2C9D82A7B04C9005E700C /* OnBoardViewController.swift in Sources */,
				18AFE7BD2A76C23A005DBF7E /* SliderCollectionViewCell.swift in Sources */,
				185808B02A613654001C7FFB /* Global.swift in Sources */,
				185808A22A6133D8001C7FFB /* CartTableViewCell.swift in Sources */,
				18C2C9D62A7AFFE9005E700C /* PickerViewController.swift in Sources */,
				185808B52A613892001C7FFB /* ProductTableViewCell.swift in Sources */,
				185808832A61302B001C7FFB /* FavouriteViewController.swift in Sources */,
				185808872A61304E001C7FFB /* ProfileViewController.swift in Sources */,
				18BB76072A798442003AE60C /* CategoryTableViewCell.swift in Sources */,
				186DAE2A2A7AAA0F00F2BEDD /* SignInViewController.swift in Sources */,
				18C2C9D12A7AEAC5005E700C /* SignUpViewController.swift in Sources */,
				189CBF7B2A7996B7001ECDEF /* CategoryItems.swift in Sources */,
				185808852A613039001C7FFB /* CartViewController.swift in Sources */,
				1858086B2A612D3D001C7FFB /* SceneDelegate.swift in Sources */,
				18CD1ED52A71618000454095 /* ItemModel.swift in Sources */,
				18BB76092A7986AF003AE60C /* ProductSliderCollectionViewCell.swift in Sources */,
			);
			runOnlyForDeploymentPostprocessing = 0;
		};
/* End PBXSourcesBuildPhase section */

/* Begin PBXVariantGroup section */
		1858086E2A612D3D001C7FFB /* Main.storyboard */ = {
			isa = PBXVariantGroup;
			children = (
				1858086F2A612D3D001C7FFB /* Base */,
			);
			name = Main.storyboard;
			sourceTree = "<group>";
		};
		185808762A612D3E001C7FFB /* LaunchScreen.storyboard */ = {
			isa = PBXVariantGroup;
			children = (
				185808772A612D3E001C7FFB /* Base */,
			);
			name = LaunchScreen.storyboard;
			sourceTree = "<group>";
		};
/* End PBXVariantGroup section */

/* Begin XCBuildConfiguration section */
		1858087A2A612D3E001C7FFB /* Debug */ = {
			isa = XCBuildConfiguration;
			buildSettings = {
				ALWAYS_SEARCH_USER_PATHS = NO;
				CLANG_ANALYZER_NONNULL = YES;
				CLANG_ANALYZER_NUMBER_OBJECT_CONVERSION = YES_AGGRESSIVE;
				CLANG_CXX_LANGUAGE_STANDARD = "gnu++20";
				CLANG_ENABLE_MODULES = YES;
				CLANG_ENABLE_OBJC_ARC = YES;
				CLANG_ENABLE_OBJC_WEAK = YES;
				CLANG_WARN_BLOCK_CAPTURE_AUTORELEASING = YES;
				CLANG_WARN_BOOL_CONVERSION = YES;
				CLANG_WARN_COMMA = YES;
				CLANG_WARN_CONSTANT_CONVERSION = YES;
				CLANG_WARN_DEPRECATED_OBJC_IMPLEMENTATIONS = YES;
				CLANG_WARN_DIRECT_OBJC_ISA_USAGE = YES_ERROR;
				CLANG_WARN_DOCUMENTATION_COMMENTS = YES;
				CLANG_WARN_EMPTY_BODY = YES;
				CLANG_WARN_ENUM_CONVERSION = YES;
				CLANG_WARN_INFINITE_RECURSION = YES;
				CLANG_WARN_INT_CONVERSION = YES;
				CLANG_WARN_NON_LITERAL_NULL_CONVERSION = YES;
				CLANG_WARN_OBJC_IMPLICIT_RETAIN_SELF = YES;
				CLANG_WARN_OBJC_LITERAL_CONVERSION = YES;
				CLANG_WARN_OBJC_ROOT_CLASS = YES_ERROR;
				CLANG_WARN_QUOTED_INCLUDE_IN_FRAMEWORK_HEADER = YES;
				CLANG_WARN_RANGE_LOOP_ANALYSIS = YES;
				CLANG_WARN_STRICT_PROTOTYPES = YES;
				CLANG_WARN_SUSPICIOUS_MOVE = YES;
				CLANG_WARN_UNGUARDED_AVAILABILITY = YES_AGGRESSIVE;
				CLANG_WARN_UNREACHABLE_CODE = YES;
				CLANG_WARN__DUPLICATE_METHOD_MATCH = YES;
				COPY_PHASE_STRIP = NO;
				DEBUG_INFORMATION_FORMAT = dwarf;
				ENABLE_STRICT_OBJC_MSGSEND = YES;
				ENABLE_TESTABILITY = YES;
				GCC_C_LANGUAGE_STANDARD = gnu11;
				GCC_DYNAMIC_NO_PIC = NO;
				GCC_NO_COMMON_BLOCKS = YES;
				GCC_OPTIMIZATION_LEVEL = 0;
				GCC_PREPROCESSOR_DEFINITIONS = (
					"DEBUG=1",
					"$(inherited)",
				);
				GCC_WARN_64_TO_32_BIT_CONVERSION = YES;
				GCC_WARN_ABOUT_RETURN_TYPE = YES_ERROR;
				GCC_WARN_UNDECLARED_SELECTOR = YES;
				GCC_WARN_UNINITIALIZED_AUTOS = YES_AGGRESSIVE;
				GCC_WARN_UNUSED_FUNCTION = YES;
				GCC_WARN_UNUSED_VARIABLE = YES;
				IPHONEOS_DEPLOYMENT_TARGET = 16.4;
				MTL_ENABLE_DEBUG_INFO = INCLUDE_SOURCE;
				MTL_FAST_MATH = YES;
				ONLY_ACTIVE_ARCH = YES;
				SDKROOT = iphoneos;
				SWIFT_ACTIVE_COMPILATION_CONDITIONS = DEBUG;
				SWIFT_OPTIMIZATION_LEVEL = "-Onone";
			};
			name = Debug;
		};
		1858087B2A612D3E001C7FFB /* Release */ = {
			isa = XCBuildConfiguration;
			buildSettings = {
				ALWAYS_SEARCH_USER_PATHS = NO;
				CLANG_ANALYZER_NONNULL = YES;
				CLANG_ANALYZER_NUMBER_OBJECT_CONVERSION = YES_AGGRESSIVE;
				CLANG_CXX_LANGUAGE_STANDARD = "gnu++20";
				CLANG_ENABLE_MODULES = YES;
				CLANG_ENABLE_OBJC_ARC = YES;
				CLANG_ENABLE_OBJC_WEAK = YES;
				CLANG_WARN_BLOCK_CAPTURE_AUTORELEASING = YES;
				CLANG_WARN_BOOL_CONVERSION = YES;
				CLANG_WARN_COMMA = YES;
				CLANG_WARN_CONSTANT_CONVERSION = YES;
				CLANG_WARN_DEPRECATED_OBJC_IMPLEMENTATIONS = YES;
				CLANG_WARN_DIRECT_OBJC_ISA_USAGE = YES_ERROR;
				CLANG_WARN_DOCUMENTATION_COMMENTS = YES;
				CLANG_WARN_EMPTY_BODY = YES;
				CLANG_WARN_ENUM_CONVERSION = YES;
				CLANG_WARN_INFINITE_RECURSION = YES;
				CLANG_WARN_INT_CONVERSION = YES;
				CLANG_WARN_NON_LITERAL_NULL_CONVERSION = YES;
				CLANG_WARN_OBJC_IMPLICIT_RETAIN_SELF = YES;
				CLANG_WARN_OBJC_LITERAL_CONVERSION = YES;
				CLANG_WARN_OBJC_ROOT_CLASS = YES_ERROR;
				CLANG_WARN_QUOTED_INCLUDE_IN_FRAMEWORK_HEADER = YES;
				CLANG_WARN_RANGE_LOOP_ANALYSIS = YES;
				CLANG_WARN_STRICT_PROTOTYPES = YES;
				CLANG_WARN_SUSPICIOUS_MOVE = YES;
				CLANG_WARN_UNGUARDED_AVAILABILITY = YES_AGGRESSIVE;
				CLANG_WARN_UNREACHABLE_CODE = YES;
				CLANG_WARN__DUPLICATE_METHOD_MATCH = YES;
				COPY_PHASE_STRIP = NO;
				DEBUG_INFORMATION_FORMAT = "dwarf-with-dsym";
				ENABLE_NS_ASSERTIONS = NO;
				ENABLE_STRICT_OBJC_MSGSEND = YES;
				GCC_C_LANGUAGE_STANDARD = gnu11;
				GCC_NO_COMMON_BLOCKS = YES;
				GCC_WARN_64_TO_32_BIT_CONVERSION = YES;
				GCC_WARN_ABOUT_RETURN_TYPE = YES_ERROR;
				GCC_WARN_UNDECLARED_SELECTOR = YES;
				GCC_WARN_UNINITIALIZED_AUTOS = YES_AGGRESSIVE;
				GCC_WARN_UNUSED_FUNCTION = YES;
				GCC_WARN_UNUSED_VARIABLE = YES;
				IPHONEOS_DEPLOYMENT_TARGET = 16.4;
				MTL_ENABLE_DEBUG_INFO = NO;
				MTL_FAST_MATH = YES;
				SDKROOT = iphoneos;
				SWIFT_COMPILATION_MODE = wholemodule;
				SWIFT_OPTIMIZATION_LEVEL = "-O";
				VALIDATE_PRODUCT = YES;
			};
			name = Release;
		};
		1858087D2A612D3E001C7FFB /* Debug */ = {
			isa = XCBuildConfiguration;
			buildSettings = {
				ASSETCATALOG_COMPILER_APPICON_NAME = AppIcon;
				ASSETCATALOG_COMPILER_GLOBAL_ACCENT_COLOR_NAME = AccentColor;
				CODE_SIGN_STYLE = Automatic;
				CURRENT_PROJECT_VERSION = 1;
				DEVELOPMENT_TEAM = 8GQ8C48ZJT;
				GENERATE_INFOPLIST_FILE = YES;
				INFOPLIST_FILE = Vinitto/Info.plist;
				INFOPLIST_KEY_UIApplicationSupportsIndirectInputEvents = YES;
				INFOPLIST_KEY_UILaunchStoryboardName = LaunchScreen;
				INFOPLIST_KEY_UIMainStoryboardFile = Main;
				INFOPLIST_KEY_UISupportedInterfaceOrientations_iPad = "UIInterfaceOrientationPortrait UIInterfaceOrientationPortraitUpsideDown UIInterfaceOrientationLandscapeLeft UIInterfaceOrientationLandscapeRight";
				INFOPLIST_KEY_UISupportedInterfaceOrientations_iPhone = "UIInterfaceOrientationPortrait UIInterfaceOrientationLandscapeLeft UIInterfaceOrientationLandscapeRight";
				LD_RUNPATH_SEARCH_PATHS = (
					"$(inherited)",
					"@executable_path/Frameworks",
				);
				MARKETING_VERSION = 1.0;
				PRODUCT_BUNDLE_IDENTIFIER = com.amgadElnezamy.Vinitto;
				PRODUCT_NAME = "$(TARGET_NAME)";
				SWIFT_EMIT_LOC_STRINGS = YES;
				SWIFT_VERSION = 5.0;
				TARGETED_DEVICE_FAMILY = "1,2";
			};
			name = Debug;
		};
		1858087E2A612D3E001C7FFB /* Release */ = {
			isa = XCBuildConfiguration;
			buildSettings = {
				ASSETCATALOG_COMPILER_APPICON_NAME = AppIcon;
				ASSETCATALOG_COMPILER_GLOBAL_ACCENT_COLOR_NAME = AccentColor;
				CODE_SIGN_STYLE = Automatic;
				CURRENT_PROJECT_VERSION = 1;
				DEVELOPMENT_TEAM = 8GQ8C48ZJT;
				GENERATE_INFOPLIST_FILE = YES;
				INFOPLIST_FILE = Vinitto/Info.plist;
				INFOPLIST_KEY_UIApplicationSupportsIndirectInputEvents = YES;
				INFOPLIST_KEY_UILaunchStoryboardName = LaunchScreen;
				INFOPLIST_KEY_UIMainStoryboardFile = Main;
				INFOPLIST_KEY_UISupportedInterfaceOrientations_iPad = "UIInterfaceOrientationPortrait UIInterfaceOrientationPortraitUpsideDown UIInterfaceOrientationLandscapeLeft UIInterfaceOrientationLandscapeRight";
				INFOPLIST_KEY_UISupportedInterfaceOrientations_iPhone = "UIInterfaceOrientationPortrait UIInterfaceOrientationLandscapeLeft UIInterfaceOrientationLandscapeRight";
				LD_RUNPATH_SEARCH_PATHS = (
					"$(inherited)",
					"@executable_path/Frameworks",
				);
				MARKETING_VERSION = 1.0;
				PRODUCT_BUNDLE_IDENTIFIER = com.amgadElnezamy.Vinitto;
				PRODUCT_NAME = "$(TARGET_NAME)";
				SWIFT_EMIT_LOC_STRINGS = YES;
				SWIFT_VERSION = 5.0;
				TARGETED_DEVICE_FAMILY = "1,2";
			};
			name = Release;
		};
/* End XCBuildConfiguration section */

/* Begin XCConfigurationList section */
		185808602A612D3D001C7FFB /* Build configuration list for PBXProject "Vinitto" */ = {
			isa = XCConfigurationList;
			buildConfigurations = (
				1858087A2A612D3E001C7FFB /* Debug */,
				1858087B2A612D3E001C7FFB /* Release */,
			);
			defaultConfigurationIsVisible = 0;
			defaultConfigurationName = Release;
		};
		1858087C2A612D3E001C7FFB /* Build configuration list for PBXNativeTarget "Vinitto" */ = {
			isa = XCConfigurationList;
			buildConfigurations = (
				1858087D2A612D3E001C7FFB /* Debug */,
				1858087E2A612D3E001C7FFB /* Release */,
			);
			defaultConfigurationIsVisible = 0;
			defaultConfigurationName = Release;
		};
/* End XCConfigurationList section */

/* Begin XCVersionGroup section */
		185808712A612D3D001C7FFB /* Vinitto.xcdatamodeld */ = {
			isa = XCVersionGroup;
			children = (
				185808722A612D3D001C7FFB /* Vinitto.xcdatamodel */,
			);
			currentVersion = 185808722A612D3D001C7FFB /* Vinitto.xcdatamodel */;
			path = Vinitto.xcdatamodeld;
			sourceTree = "<group>";
			versionGroupType = wrapper.xcdatamodel;
		};
/* End XCVersionGroup section */
	};
	rootObject = 1858085D2A612D3D001C7FFB /* Project object */;
}
